
Microsoft Visual Studio Solution File, Format Version 12.00
# Visual Studio Version 16
VisualStudioVersion = 16.0.28606.126
MinimumVisualStudioVersion = 10.0.40219.1
Project("{9A19103F-16F7-4668-BE54-9A1E7A4F7556}") = "BlazorNodaTimeDateTimePicker.Demo", "src\BlazorNodaTimeDateTimePicker.Demo\BlazorNodaTimeDateTimePicker.Demo.csproj", "{21983A4A-4CE8-4598-ADD8-B0DD531A6DEB}"
EndProject
Project("{9A19103F-16F7-4668-BE54-9A1E7A4F7556}") = "BlazorNodaTimeDateTimePicker", "src\BlazorNodaTimeDateTimePicker\BlazorNodaTimeDateTimePicker.csproj", "{F07BB3DF-F3C1-45E6-911B-02FED7C1FE66}"
EndProject
Project("{9A19103F-16F7-4668-BE54-9A1E7A4F7556}") = "BlazorNodaTimeDateTimePicker.Tests", "tests\BlazorNodaTimeDateTimePicker.Tests\BlazorNodaTimeDateTimePicker.Tests.csproj", "{15F79422-4E2B-4CAA-8609-CDAE66F5DB8E}"
EndProject
Global
	GlobalSection(SolutionConfigurationPlatforms) = preSolution
		Debug|Any CPU = Debug|Any CPU
		Release|Any CPU = Release|Any CPU
	EndGlobalSection
	GlobalSection(ProjectConfigurationPlatforms) = postSolution
		{21983A4A-4CE8-4598-ADD8-B0DD531A6DEB}.Debug|Any CPU.ActiveCfg = Debug|Any CPU
		{21983A4A-4CE8-4598-ADD8-B0DD531A6DEB}.Debug|Any CPU.Build.0 = Debug|Any CPU
		{21983A4A-4CE8-4598-ADD8-B0DD531A6DEB}.Release|Any CPU.ActiveCfg = Release|Any CPU
		{21983A4A-4CE8-4598-ADD8-B0DD531A6DEB}.Release|Any CPU.Build.0 = Release|Any CPU
		{F07BB3DF-F3C1-45E6-911B-02FED7C1FE66}.Debug|Any CPU.ActiveCfg = Debug|Any CPU
		{F07BB3DF-F3C1-45E6-911B-02FED7C1FE66}.Debug|Any CPU.Build.0 = Debug|Any CPU
		{F07BB3DF-F3C1-45E6-911B-02FED7C1FE66}.Release|Any CPU.ActiveCfg = Release|Any CPU
		{F07BB3DF-F3C1-45E6-911B-02FED7C1FE66}.Release|Any CPU.Build.0 = Release|Any CPU
		{15F79422-4E2B-4CAA-8609-CDAE66F5DB8E}.Debug|Any CPU.ActiveCfg = Debug|Any CPU
		{15F79422-4E2B-4CAA-8609-CDAE66F5DB8E}.Debug|Any CPU.Build.0 = Debug|Any CPU
		{15F79422-4E2B-4CAA-8609-CDAE66F5DB8E}.Release|Any CPU.ActiveCfg = Release|Any CPU
		{15F79422-4E2B-4CAA-8609-CDAE66F5DB8E}.Release|Any CPU.Build.0 = Release|Any CPU
	EndGlobalSection
	GlobalSection(SolutionProperties) = preSolution
		HideSolutionNode = FALSE
	EndGlobalSection
	GlobalSection(ExtensibilityGlobals) = postSolution
		SolutionGuid = {BC0C4D82-AFE8-4D64-B104-3D47D44A7E57}
	EndGlobalSection
EndGlobal
